
Microsoft Visual Studio Solution File, Format Version 12.00
# Visual Studio Version 16
VisualStudioVersion = 16.0.31911.196
MinimumVisualStudioVersion = 10.0.40219.1
Project("{FAE04EC0-301F-11D3-BF4B-00C04F79EFBC}") = "Infrastructure", "Clothing Store\Infrastructure.csproj", "{C3EE53BB-6D55-4FC6-B71A-833F2B1A08EA}"
EndProject
Project("{FAE04EC0-301F-11D3-BF4B-00C04F79EFBC}") = "ClothingStore.Framework", "ClothingStore.Framework\ClothingStore.Framework.csproj", "{87C9EF88-C491-4FA7-98E3-6802C410B6E8}"
	ProjectSection(ProjectDependencies) = postProject
		{C3EE53BB-6D55-4FC6-B71A-833F2B1A08EA} = {C3EE53BB-6D55-4FC6-B71A-833F2B1A08EA}
	EndProjectSection
EndProject
Project("{FAE04EC0-301F-11D3-BF4B-00C04F79EFBC}") = "ClothingStore.Tests", "ClothingStore.Tests\ClothingStore.Tests.csproj", "{D5D705A4-190A-4B6A-9923-14B1BD569256}"
	ProjectSection(ProjectDependencies) = postProject
		{87C9EF88-C491-4FA7-98E3-6802C410B6E8} = {87C9EF88-C491-4FA7-98E3-6802C410B6E8}
		{C3EE53BB-6D55-4FC6-B71A-833F2B1A08EA} = {C3EE53BB-6D55-4FC6-B71A-833F2B1A08EA}
	EndProjectSection
EndProject
Global
	GlobalSection(SolutionConfigurationPlatforms) = preSolution
		Debug|Any CPU = Debug|Any CPU
		Release|Any CPU = Release|Any CPU
	EndGlobalSection
	GlobalSection(ProjectConfigurationPlatforms) = postSolution
		{C3EE53BB-6D55-4FC6-B71A-833F2B1A08EA}.Debug|Any CPU.ActiveCfg = Debug|Any CPU
		{C3EE53BB-6D55-4FC6-B71A-833F2B1A08EA}.Debug|Any CPU.Build.0 = Debug|Any CPU
		{C3EE53BB-6D55-4FC6-B71A-833F2B1A08EA}.Release|Any CPU.ActiveCfg = Release|Any CPU
		{C3EE53BB-6D55-4FC6-B71A-833F2B1A08EA}.Release|Any CPU.Build.0 = Release|Any CPU
		{87C9EF88-C491-4FA7-98E3-6802C410B6E8}.Debug|Any CPU.ActiveCfg = Debug|Any CPU
		{87C9EF88-C491-4FA7-98E3-6802C410B6E8}.Debug|Any CPU.Build.0 = Debug|Any CPU
		{87C9EF88-C491-4FA7-98E3-6802C410B6E8}.Release|Any CPU.ActiveCfg = Release|Any CPU
		{87C9EF88-C491-4FA7-98E3-6802C410B6E8}.Release|Any CPU.Build.0 = Release|Any CPU
		{D5D705A4-190A-4B6A-9923-14B1BD569256}.Debug|Any CPU.ActiveCfg = Debug|Any CPU
		{D5D705A4-190A-4B6A-9923-14B1BD569256}.Debug|Any CPU.Build.0 = Debug|Any CPU
		{D5D705A4-190A-4B6A-9923-14B1BD569256}.Release|Any CPU.ActiveCfg = Release|Any CPU
		{D5D705A4-190A-4B6A-9923-14B1BD569256}.Release|Any CPU.Build.0 = Release|Any CPU
	EndGlobalSection
	GlobalSection(SolutionProperties) = preSolution
		HideSolutionNode = FALSE
	EndGlobalSection
	GlobalSection(ExtensibilityGlobals) = postSolution
		SolutionGuid = {3F9E3E21-DB00-454E-AD17-9B058E593A27}
	EndGlobalSection
EndGlobal
